
Microsoft Visual Studio Solution File, Format Version 12.00
# Visual Studio Version 16
VisualStudioVersion = 16.0.29509.3
MinimumVisualStudioVersion = 10.0.40219.1
Project("{9A19103F-16F7-4668-BE54-9A1E7A4F7556}") = "PersonalDataDB", "PersonalDataDB\PersonalDataDB.csproj", "{C23D3A00-C12A-4916-9C4F-C7DAB9601193}"
EndProject
Project("{9A19103F-16F7-4668-BE54-9A1E7A4F7556}") = "PersonalDataDB.Test", "PersonalDataDB.Test\PersonalDataDB.Test.csproj", "{A92AFEA7-0301-468C-ACA5-4EC11A4AAC75}"
EndProject
Global
	GlobalSection(SolutionConfigurationPlatforms) = preSolution
		Debug|Any CPU = Debug|Any CPU
		Release|Any CPU = Release|Any CPU
	EndGlobalSection
	GlobalSection(ProjectConfigurationPlatforms) = postSolution
		{C23D3A00-C12A-4916-9C4F-C7DAB9601193}.Debug|Any CPU.ActiveCfg = Debug|Any CPU
		{C23D3A00-C12A-4916-9C4F-C7DAB9601193}.Debug|Any CPU.Build.0 = Debug|Any CPU
		{C23D3A00-C12A-4916-9C4F-C7DAB9601193}.Release|Any CPU.ActiveCfg = Release|Any CPU
		{C23D3A00-C12A-4916-9C4F-C7DAB9601193}.Release|Any CPU.Build.0 = Release|Any CPU
		{A92AFEA7-0301-468C-ACA5-4EC11A4AAC75}.Debug|Any CPU.ActiveCfg = Debug|Any CPU
		{A92AFEA7-0301-468C-ACA5-4EC11A4AAC75}.Debug|Any CPU.Build.0 = Debug|Any CPU
		{A92AFEA7-0301-468C-ACA5-4EC11A4AAC75}.Release|Any CPU.ActiveCfg = Release|Any CPU
		{A92AFEA7-0301-468C-ACA5-4EC11A4AAC75}.Release|Any CPU.Build.0 = Release|Any CPU
	EndGlobalSection
	GlobalSection(SolutionProperties) = preSolution
		HideSolutionNode = FALSE
	EndGlobalSection
	GlobalSection(ExtensibilityGlobals) = postSolution
		SolutionGuid = {8F64B7A3-6316-4A66-90A1-A43A4C0AE67F}
	EndGlobalSection
EndGlobal
